
Microsoft Visual Studio Solution File, Format Version 12.00
# Visual Studio 14
VisualStudioVersion = 14.0.23107.0
MinimumVisualStudioVersion = 10.0.40219.1
Project("{FAE04EC0-301F-11D3-BF4B-00C04F79EFBC}") = "ContDevApp", "ContDevApp.csproj", "{65736040-8ED6-4061-B97F-92D1B779DA02}"
EndProject
Project("{FAE04EC0-301F-11D3-BF4B-00C04F79EFBC}") = "Deploy", "Deploy\Deploy.csproj", "{006B279F-FFDE-4831-81E6-BBCAAEACF3D3}"
EndProject
Global
	GlobalSection(SolutionConfigurationPlatforms) = preSolution
		Debug|Any CPU = Debug|Any CPU
		Release|Any CPU = Release|Any CPU
	EndGlobalSection
	GlobalSection(ProjectConfigurationPlatforms) = postSolution
		{65736040-8ED6-4061-B97F-92D1B779DA02}.Debug|Any CPU.ActiveCfg = Debug|Any CPU
		{65736040-8ED6-4061-B97F-92D1B779DA02}.Debug|Any CPU.Build.0 = Debug|Any CPU
		{65736040-8ED6-4061-B97F-92D1B779DA02}.Release|Any CPU.ActiveCfg = Release|Any CPU
		{65736040-8ED6-4061-B97F-92D1B779DA02}.Release|Any CPU.Build.0 = Release|Any CPU
		{006B279F-FFDE-4831-81E6-BBCAAEACF3D3}.Debug|Any CPU.ActiveCfg = Debug|Any CPU
		{006B279F-FFDE-4831-81E6-BBCAAEACF3D3}.Debug|Any CPU.Build.0 = Debug|Any CPU
		{006B279F-FFDE-4831-81E6-BBCAAEACF3D3}.Release|Any CPU.ActiveCfg = Release|Any CPU
		{006B279F-FFDE-4831-81E6-BBCAAEACF3D3}.Release|Any CPU.Build.0 = Release|Any CPU
	EndGlobalSection
	GlobalSection(SolutionProperties) = preSolution
		HideSolutionNode = FALSE
	EndGlobalSection
EndGlobal
